
Microsoft Visual Studio Solution File, Format Version 12.00
# Visual Studio Version 17
VisualStudioVersion = 17.5.002.0
MinimumVisualStudioVersion = 10.0.40219.1
Project("{9A19103F-16F7-4668-BE54-9A1E7A4F7556}") = "DesafioProjetoHospedagem", "DesafioProjetoHospedagem.csproj", "{1138AFE6-9F4D-4F91-829B-F418CCE25738}"
EndProject
Global
	GlobalSection(SolutionConfigurationPlatforms) = preSolution
		Debug|Any CPU = Debug|Any CPU
		Release|Any CPU = Release|Any CPU
	EndGlobalSection
	GlobalSection(ProjectConfigurationPlatforms) = postSolution
		{1138AFE6-9F4D-4F91-829B-F418CCE25738}.Debug|Any CPU.ActiveCfg = Debug|Any CPU
		{1138AFE6-9F4D-4F91-829B-F418CCE25738}.Debug|Any CPU.Build.0 = Debug|Any CPU
		{1138AFE6-9F4D-4F91-829B-F418CCE25738}.Release|Any CPU.ActiveCfg = Release|Any CPU
		{1138AFE6-9F4D-4F91-829B-F418CCE25738}.Release|Any CPU.Build.0 = Release|Any CPU
	EndGlobalSection
	GlobalSection(SolutionProperties) = preSolution
		HideSolutionNode = FALSE
	EndGlobalSection
	GlobalSection(ExtensibilityGlobals) = postSolution
		SolutionGuid = {3C265560-F954-4C90-851F-DE68B9F92BC3}
	EndGlobalSection
EndGlobal
